uuid: f01a6788-99bf-4fd2-b2ca-c8a1378fd86f
langcode: en
status: true
dependencies:
  config:
    - field.storage.paragraph.field_contact_block
    - paragraphs.paragraphs_type.news_parareaph
  module:
    - block_field
id: paragraph.news_parareaph.field_contact_block
field_name: field_contact_block
entity_type: paragraph
bundle: news_parareaph
label: 'Contact Block'
description: ''
required: false
translatable: false
default_value:
  -
    plugin_id: contact_block
    settings: {  }
default_value_callback: ''
settings:
  plugin_ids: {  }
field_type: block_field
