uuid: 5fd0e8b1-62f6-4e7d-ab8d-67b6fefdd902
langcode: en
status: true
dependencies:
  module:
    - block_field
    - paragraphs
id: paragraph.field_news_collection_block
field_name: field_news_collection_block
entity_type: paragraph
type: block_field
settings: {  }
module: block_field
locked: false
cardinality: 1
translatable: true
indexes: {  }
persist_with_no_fields: false
custom_storage: false
